
Microsoft Visual Studio Solution File, Format Version 12.00
# Visual Studio Version 17
VisualStudioVersion = 17.5.33516.290
MinimumVisualStudioVersion = 10.0.40219.1
Project("{FAE04EC0-301F-11D3-BF4B-00C04F79EFBC}") = "EntityTest", "EntityTest\EntityTest.csproj", "{87325BEB-3BD0-4C55-9998-2151DC322009}"
EndProject
Global
	GlobalSection(SolutionConfigurationPlatforms) = preSolution
		Debug|Any CPU = Debug|Any CPU
		Release|Any CPU = Release|Any CPU
	EndGlobalSection
	GlobalSection(ProjectConfigurationPlatforms) = postSolution
		{87325BEB-3BD0-4C55-9998-2151DC322009}.Debug|Any CPU.ActiveCfg = Debug|Any CPU
		{87325BEB-3BD0-4C55-9998-2151DC322009}.Debug|Any CPU.Build.0 = Debug|Any CPU
		{87325BEB-3BD0-4C55-9998-2151DC322009}.Release|Any CPU.ActiveCfg = Release|Any CPU
		{87325BEB-3BD0-4C55-9998-2151DC322009}.Release|Any CPU.Build.0 = Release|Any CPU
	EndGlobalSection
	GlobalSection(SolutionProperties) = preSolution
		HideSolutionNode = FALSE
	EndGlobalSection
	GlobalSection(ExtensibilityGlobals) = postSolution
		SolutionGuid = {01F428E8-A25A-424D-9E04-14187A2953DC}
	EndGlobalSection
EndGlobal
